
Microsoft Visual Studio Solution File, Format Version 12.00
# Visual Studio Version 17
VisualStudioVersion = 17.3.32825.248
MinimumVisualStudioVersion = 10.0.40219.1
Project("{FAE04EC0-301F-11D3-BF4B-00C04F79EFBC}") = "Fahrgemeinschaft", "Fahrgemeinschaft\Fahrgemeinschaft.csproj", "{6677408C-154C-4A72-8519-B81F28B0B730}"
EndProject
Global
	GlobalSection(SolutionConfigurationPlatforms) = preSolution
		Debug|Any CPU = Debug|Any CPU
		Release|Any CPU = Release|Any CPU
	EndGlobalSection
	GlobalSection(ProjectConfigurationPlatforms) = postSolution
		{6677408C-154C-4A72-8519-B81F28B0B730}.Debug|Any CPU.ActiveCfg = Debug|Any CPU
		{6677408C-154C-4A72-8519-B81F28B0B730}.Debug|Any CPU.Build.0 = Debug|Any CPU
		{6677408C-154C-4A72-8519-B81F28B0B730}.Release|Any CPU.ActiveCfg = Release|Any CPU
		{6677408C-154C-4A72-8519-B81F28B0B730}.Release|Any CPU.Build.0 = Release|Any CPU
	EndGlobalSection
	GlobalSection(SolutionProperties) = preSolution
		HideSolutionNode = FALSE
	EndGlobalSection
	GlobalSection(ExtensibilityGlobals) = postSolution
		SolutionGuid = {7A578AD2-878F-47E0-BF43-CF6EF9340C85}
	EndGlobalSection
EndGlobal
